
Microsoft Visual Studio Solution File, Format Version 12.00
# Visual Studio Version 16
VisualStudioVersion = 16.0.30204.135
MinimumVisualStudioVersion = 10.0.40219.1
Project("{FAE04EC0-301F-11D3-BF4B-00C04F79EFBC}") = "apiCORE", "apiCORE\apiCORE.csproj", "{FA709894-C752-416B-8CC8-1A21C3D7209B}"
EndProject
Global
	GlobalSection(SolutionConfigurationPlatforms) = preSolution
		Debug|Any CPU = Debug|Any CPU
		Release|Any CPU = Release|Any CPU
	EndGlobalSection
	GlobalSection(ProjectConfigurationPlatforms) = postSolution
		{FA709894-C752-416B-8CC8-1A21C3D7209B}.Debug|Any CPU.ActiveCfg = Debug|Any CPU
		{FA709894-C752-416B-8CC8-1A21C3D7209B}.Debug|Any CPU.Build.0 = Debug|Any CPU
		{FA709894-C752-416B-8CC8-1A21C3D7209B}.Release|Any CPU.ActiveCfg = Release|Any CPU
		{FA709894-C752-416B-8CC8-1A21C3D7209B}.Release|Any CPU.Build.0 = Release|Any CPU
	EndGlobalSection
	GlobalSection(SolutionProperties) = preSolution
		HideSolutionNode = FALSE
	EndGlobalSection
	GlobalSection(ExtensibilityGlobals) = postSolution
		SolutionGuid = {A1C4D8D6-958D-4FD0-9387-972F140C86E8}
	EndGlobalSection
EndGlobal
